
Microsoft Visual Studio Solution File, Format Version 12.00
# Visual Studio Version 17
VisualStudioVersion = 17.3.32929.385
MinimumVisualStudioVersion = 10.0.40219.1
Project("{8BC9CEB8-8B4A-11D0-8D11-00A0C91BC942}") = "lab1", "lab1\lab1.vcxproj", "{F5E0172B-9C92-4CAA-BC2F-580EED6987A2}"
EndProject
Project("{8BC9CEB8-8B4A-11D0-8D11-00A0C91BC942}") = "lab2", "lab2\lab2.vcxproj", "{642EFE6C-0F10-461B-BEB4-D2D5DF1CB311}"
EndProject
Project("{8BC9CEB8-8B4A-11D0-8D11-00A0C91BC942}") = "lab3", "lab3\lab3.vcxproj", "{D29F918A-E61A-4246-9F69-D86EE2129F57}"
EndProject
Project("{8BC9CEB8-8B4A-11D0-8D11-00A0C91BC942}") = "lab4", "lab4\lab4.vcxproj", "{6F40A80B-66E1-4B19-AF95-869433776641}"
EndProject
Global
	GlobalSection(SolutionConfigurationPlatforms) = preSolution
		Debug|x64 = Debug|x64
		Debug|x86 = Debug|x86
		Release|x64 = Release|x64
		Release|x86 = Release|x86
	EndGlobalSection
	GlobalSection(ProjectConfigurationPlatforms) = postSolution
		{F5E0172B-9C92-4CAA-BC2F-580EED6987A2}.Debug|x64.ActiveCfg = Debug|x64
		{F5E0172B-9C92-4CAA-BC2F-580EED6987A2}.Debug|x64.Build.0 = Debug|x64
		{F5E0172B-9C92-4CAA-BC2F-580EED6987A2}.Debug|x86.ActiveCfg = Debug|Win32
		{F5E0172B-9C92-4CAA-BC2F-580EED6987A2}.Debug|x86.Build.0 = Debug|Win32
		{F5E0172B-9C92-4CAA-BC2F-580EED6987A2}.Release|x64.ActiveCfg = Release|x64
		{F5E0172B-9C92-4CAA-BC2F-580EED6987A2}.Release|x64.Build.0 = Release|x64
		{F5E0172B-9C92-4CAA-BC2F-580EED6987A2}.Release|x86.ActiveCfg = Release|Win32
		{F5E0172B-9C92-4CAA-BC2F-580EED6987A2}.Release|x86.Build.0 = Release|Win32
		{642EFE6C-0F10-461B-BEB4-D2D5DF1CB311}.Debug|x64.ActiveCfg = Debug|x64
		{642EFE6C-0F10-461B-BEB4-D2D5DF1CB311}.Debug|x64.Build.0 = Debug|x64
		{642EFE6C-0F10-461B-BEB4-D2D5DF1CB311}.Debug|x86.ActiveCfg = Debug|Win32
		{642EFE6C-0F10-461B-BEB4-D2D5DF1CB311}.Debug|x86.Build.0 = Debug|Win32
		{642EFE6C-0F10-461B-BEB4-D2D5DF1CB311}.Release|x64.ActiveCfg = Release|x64
		{642EFE6C-0F10-461B-BEB4-D2D5DF1CB311}.Release|x64.Build.0 = Release|x64
		{642EFE6C-0F10-461B-BEB4-D2D5DF1CB311}.Release|x86.ActiveCfg = Release|Win32
		{642EFE6C-0F10-461B-BEB4-D2D5DF1CB311}.Release|x86.Build.0 = Release|Win32
		{D29F918A-E61A-4246-9F69-D86EE2129F57}.Debug|x64.ActiveCfg = Debug|x64
		{D29F918A-E61A-4246-9F69-D86EE2129F57}.Debug|x64.Build.0 = Debug|x64
		{D29F918A-E61A-4246-9F69-D86EE2129F57}.Debug|x86.ActiveCfg = Debug|Win32
		{D29F918A-E61A-4246-9F69-D86EE2129F57}.Debug|x86.Build.0 = Debug|Win32
		{D29F918A-E61A-4246-9F69-D86EE2129F57}.Release|x64.ActiveCfg = Release|x64
		{D29F918A-E61A-4246-9F69-D86EE2129F57}.Release|x64.Build.0 = Release|x64
		{D29F918A-E61A-4246-9F69-D86EE2129F57}.Release|x86.ActiveCfg = Release|Win32
		{D29F918A-E61A-4246-9F69-D86EE2129F57}.Release|x86.Build.0 = Release|Win32
		{6F40A80B-66E1-4B19-AF95-869433776641}.Debug|x64.ActiveCfg = Debug|x64
		{6F40A80B-66E1-4B19-AF95-869433776641}.Debug|x64.Build.0 = Debug|x64
		{6F40A80B-66E1-4B19-AF95-869433776641}.Debug|x86.ActiveCfg = Debug|Win32
		{6F40A80B-66E1-4B19-AF95-869433776641}.Debug|x86.Build.0 = Debug|Win32
		{6F40A80B-66E1-4B19-AF95-869433776641}.Release|x64.ActiveCfg = Release|x64
		{6F40A80B-66E1-4B19-AF95-869433776641}.Release|x64.Build.0 = Release|x64
		{6F40A80B-66E1-4B19-AF95-869433776641}.Release|x86.ActiveCfg = Release|Win32
		{6F40A80B-66E1-4B19-AF95-869433776641}.Release|x86.Build.0 = Release|Win32
	EndGlobalSection
	GlobalSection(SolutionProperties) = preSolution
		HideSolutionNode = FALSE
	EndGlobalSection
	GlobalSection(ExtensibilityGlobals) = postSolution
		SolutionGuid = {A9003C1F-D225-420C-9EFB-7B27B45C8EE8}
	EndGlobalSection
EndGlobal
